{
    "_meta": {
        "hash": {
            "sha256": "5f11399624cef3e434e52e9b9ad545cecfb6a6d5a5bc7b34aba9ccd21471da6f"
        },
        "pipfile-spec": 6,
        "requires": {
            "python_version": "3.6"
        },
        "sources": [
            {
                "name": "pypi",
                "url": "https://pypi.org/simple",
                "verify_ssl": true
            }
        ]
    },
    "default": {
        "certifi": {
            "hashes": [
                "sha256:046832c04d4e752f37383b628bc601a7ea7211496b4638f6514d0e5b9acc4939",
                "sha256:945e3ba63a0b9f577b1395204e13c3a231f9bc0223888be653286534e5873695"
            ],
            "version": "==2019.6.16"
        },
        "chardet": {
            "hashes": [
                "sha256:84ab92ed1c4d4f16916e05906b6b75a6c0fb5db821cc65e70cbd64a3e2a5eaae",
                "sha256:fc323ffcaeaed0e0a02bf4d117757b98aed530d9ed4531e3e15460124c106691"
            ],
            "version": "==3.0.4"
        },
        "ddt": {
            "hashes": [
                "sha256:4d9b43149db1047696018feefcb8d01ae3a121335d8290a0bb72fe63814ba427",
                "sha256:e7e6e19937822c8a96e4ae16bb5e5a8c8a87024a7dc5f0225f12752662d46263"
            ],
            "index": "pypi",
            "version": "==1.0.1"
        },
        "idna": {
            "hashes": [
                "sha256:c357b3f628cf53ae2c4c05627ecc484553142ca23264e593d327bcde5e9c3407",
                "sha256:ea8b7f6188e6fa117537c3df7da9fc686d485087abf6ac197f9c46432f7e4a3c"
            ],
            "version": "==2.8"
        },
        "jsonschema": {
            "hashes": [
                "sha256:36673ac378feed3daa5956276a829699056523d7961027911f064b52255ead41",
                "sha256:71e7b3bcf9fca408bcb65bb60892f375d3abdd2e4f296eeeb8fe0bbbfcde598e",
                "sha256:9088494da4c74497a7a27842ae4ca9c3355b5f7754121edc440463eaf020f079"
            ],
            "index": "pypi",
            "version": "==2.5.1"
        },
        "nose2": {
            "hashes": [
                "sha256:a60d6d5f63e748a7fed4e6a5e22e35e44424f6bb1a06948a777c2b3aea3580f0"
            ],
            "index": "pypi",
            "version": "==0.6.3"
        },
        "requests": {
            "hashes": [
                "sha256:11e007a8a2aa0323f5a921e9e6a2d7e4e67d9877e85773fba9ba6419025cbeb4",
                "sha256:9cf5292fcd0f598c671cfc1e0d7d1a7f13bb8085e9a590f48c010551dc6c4b31"
            ],
            "version": "==2.22.0"
        },
        "ruamel.yaml": {
            "hashes": [
                "sha256:c89363e16c9eafb9354e55d757723efeff8682d05e56b0881450002ffb00a344"
            ],
            "index": "pypi",
            "version": "==0.11.7"
        },
        "six": {
            "hashes": [
                "sha256:3350809f0555b11f552448330d0b52d5f24c91a322ea4a15ef22629740f3761c",
                "sha256:d16a0141ec1a18405cd4ce8b4613101da75da0e9a7aec5bdd4fa804d0e0eba73"
            ],
            "version": "==1.12.0"
        },
        "todoist-python": {
            "hashes": [
                "sha256:235aae87fe87b9d4ea73e3e621182e313723ad88c5512fa32dc14fb06ecc81ab"
            ],
            "index": "pypi",
            "version": "==0.2.23"
        },
        "urllib3": {
            "hashes": [
                "sha256:4c291ca23bbb55c76518905869ef34bdd5f0e46af7afe6861e8375643ffee1a0",
                "sha256:9a247273df709c4fedb38c711e44292304f73f39ab01beda9f6b9fc375669ac3"
            ],
            "index": "pypi",
            "version": "==1.24.2"
        }
    },
    "develop": {}
}
